
Microsoft Visual Studio Solution File, Format Version 12.00
# Visual Studio Version 16
VisualStudioVersion = 16.0.31129.286
MinimumVisualStudioVersion = 10.0.40219.1
Project("{FAE04EC0-301F-11D3-BF4B-00C04F79EFBC}") = "Capstone Project", "Capstone Project.csproj", "{D90C0DC3-CAA2-4AF0-9C79-8C158636319F}"
EndProject
Global
	GlobalSection(SolutionConfigurationPlatforms) = preSolution
		Debug|Any CPU = Debug|Any CPU
		Release|Any CPU = Release|Any CPU
	EndGlobalSection
	GlobalSection(ProjectConfigurationPlatforms) = postSolution
		{D90C0DC3-CAA2-4AF0-9C79-8C158636319F}.Debug|Any CPU.ActiveCfg = Debug|Any CPU
		{D90C0DC3-CAA2-4AF0-9C79-8C158636319F}.Debug|Any CPU.Build.0 = Debug|Any CPU
		{D90C0DC3-CAA2-4AF0-9C79-8C158636319F}.Release|Any CPU.ActiveCfg = Release|Any CPU
		{D90C0DC3-CAA2-4AF0-9C79-8C158636319F}.Release|Any CPU.Build.0 = Release|Any CPU
	EndGlobalSection
	GlobalSection(SolutionProperties) = preSolution
		HideSolutionNode = FALSE
	EndGlobalSection
	GlobalSection(ExtensibilityGlobals) = postSolution
		SolutionGuid = {3EFD4228-653D-4150-BF5C-E23F9F413311}
	EndGlobalSection
EndGlobal
